github.com/golang-jwt/jwt/v5 v5.2.1 h1:OuVbFODueb089Lh128TAcimifWaLhJwVflnrgM17wHk=
github.com/golang-jwt/jwt/v5 v5.2.1/go.mod h1:pqrtFR0X4osieyHYxtmOUWsAWrfe1Q5UVIyoH402zdk=
github.com/google/go-cmp v0.5.6 h1:BKbKCqvP6I+rmFHt06ZmyQtvB8xAkWdhFyr0ZUNZcxQ=
github.com/google/go-cmp v0.5.6/go.mod h1:v8dTdLbMG2kIc/vJvl+f65V22dbkXbowE6jgT/gNBxE=
github.com/integrii/flaggy v1.5.2 h1:bWV20MQEngo4hWhno3i5Z9ISPxLPKj9NOGNwTWb/8IQ=
github.com/integrii/flaggy v1.5.2/go.mod h1:dO13u7SYuhk910nayCJ+s1DeAAGC1THCMj1uSFmwtQ8=
github.com/sty-holdings/sharedServices/v2024 v2024.11.3 h1:dcDvVdKS25EWgdiTZRtHYTf6wHaOU58AnRYfURo5oz4=
github.com/sty-holdings/sharedServices/v2024 v2024.11.3/go.mod h1:FAg0akGIYiSMRdWghJH+hiiAuipUhPnxKEGFpVcQrBY=
github.com/sty-holdings/sharedServices/v2024 v2024.12.0 h1:nGO7+0rafRs1GDpSapfikTExxBv7sV65NxU7px+ERg0=
github.com/sty-holdings/sharedServices/v2024 v2024.12.0/go.mod h1:FAg0akGIYiSMRdWghJH+hiiAuipUhPnxKEGFpVcQrBY=
github.com/sty-holdings/sharedServices/v2024 v2024.14.1 h1:aOf9Gd/wyE8m6gag7xnMBScRO7dZrjvd/sCl/WNMH+Q=
github.com/sty-holdings/sharedServices/v2024 v2024.14.1/go.mod h1:FAg0akGIYiSMRdWghJH+hiiAuipUhPnxKEGFpVcQrBY=
golang.org/x/text v0.19.0 h1:kTxAhCbGbxhK0IwgSKiMO5awPoDQ0RpfiVYBfK860YM=
golang.org/x/text v0.19.0/go.mod h1:BuEKDfySbSR4drPmRPG/7iBdf8hvFMuRexcpahXilzY=
golang.org/x/xerrors v0.0.0-20191204190536-9bdfabe68543/go.mod h1:I/5z698sn9Ka8TeJc9MKroUUfqBBauWjQqLJ2OPfmY0=
