github.com/sty-holdings/constant-type-vars-go/v2024 v2024.11.1 h1:ldcvSUF/fpM/OKrieJb7x4c1AmlqPpcaoeNVPWIX6z8=
github.com/sty-holdings/constant-type-vars-go/v2024 v2024.11.1/go.mod h1:+2gv9FAljEUY01zhDnycbUcgP6C/q14iMuByDCUnrRY=
github.com/sty-holdings/sty-shared/v2024 v2024.15.3 h1:BV6Q5ISkqRIteYe7UzKvlwW1aEdQxO3hfWtuMDSBCZo=
github.com/sty-holdings/sty-shared/v2024 v2024.15.3/go.mod h1:KNAG/P76x3QM/uviVWx+uxtDsjaaZ3jzEYAQp8nrW50=
